# THIS IS AN AUTOGENERATED FILE. DO NOT EDIT THIS FILE DIRECTLY.
# yarn lockfile v1


"@cspotcode/source-map-support@^0.8.0":
  version "0.8.1"
  resolved "https://registry.yarnpkg.com/@cspotcode/source-map-support/-/source-map-support-0.8.1.tgz#00629c35a688e05a88b1cda684fb9d5e73f000a1"
  integrity sha512-IchNf6dN4tHoMFIn/7OE8LWZ19Y6q/67Bmf6vnGREv8RSbBVb9LPJxEcnwrcwX6ixSvaiGoomAUvu4YSxXrVgw==
  dependencies:
    "@jridgewell/trace-mapping" "0.3.9"

"@jridgewell/resolve-uri@^3.0.3":
  version "3.1.2"
  resolved "https://registry.yarnpkg.com/@jridgewell/resolve-uri/-/resolve-uri-3.1.2.tgz#7a0ee601f60f99a20c7c7c5ff0c80388c1189bd6"
  integrity sha512-bRISgCIjP20/tbWSPWMEi54QVPRZExkuD9lJL+UIxUKtwVJA8wW1Trb1jMs1RFXo1CBTNZ/5hpC9QvmKWdopKw==

"@jridgewell/sourcemap-codec@^1.4.10":
  version "1.6.0"
  resolved "https://registry.yarnpkg.com/@jridgewell/sourcemap-codec/-/sourcemap-codec-1.6.0.tgz#f4c663e862f06dc98ca4d453862c46902789a18d"
  integrity sha512-T7jf+5zgsZHwNJ4lvQ7/aezbyk0nNX+zJVWpmHA7VYsEx7a7qr5Rg5IbtJFqkgze5Y2sruq1RUY8Q837Od7iFw==

"@jridgewell/trace-mapping@0.3.9":
  version "0.3.9"
  resolved "https://registry.yarnpkg.com/@jridgewell/trace-mapping/-/trace-mapping-0.3.9.tgz#6534fd5933a53ba7cbf3a17615e273a0d1273ff9"
  integrity sha512-3Belt6tdc8bPgAtbcmdtNJlirVoTmEb5e2gC94PnkwEW9jI6CAHUeoG85tjWP5WquqfavoMtMwiG4P926ZKKuQ==
  dependencies:
    "@jridgewell/resolve-uri" "^3.0.3"
    "@jridgewell/sourcemap-codec" "^1.4.10"

"@tsconfig/node10@^1.0.7":
  version "1.0.13"
  resolved "https://registry.yarnpkg.com/@tsconfig/node10/-/node10-1.0.13.tgz#56105a9a8c786e8f15e35746879cf2d52275485b"
  integrity sha512-gcLdvR9HO1ZJBypsOGqaP6TFEzb6vIta0KSTLt9NAQ6pXQO3cRgSVyCN6pzYqI9DlJgY71XKO0dpDhCf08b3pg==

"@tsconfig/node12@^1.0.7":
  version "1.0.11"
  resolved "https://registry.yarnpkg.com/@tsconfig/node12/-/node12-1.0.11.tgz#ee3def1f27d9ed66dac6e46a295cffb0152e058d"
  integrity sha512-cqefuRsh12pWyGsIoBKJA9luFu3mRxCA+ORZvA4ktLSzIuCUtWVxGIuXigEwO5/ywWFMZ2QEGKWvkZG1zDMTag==

"@tsconfig/node14@^1.0.0":
  version "1.0.3"
  resolved "https://registry.yarnpkg.com/@tsconfig/node14/-/node14-1.0.3.tgz#e4386316284f00b98435bf40f72f75a09dabf6c1"
  integrity sha512-ysT8mhdixWK6Hw3i1V2AeRqZ5WfXg1G43mqoYlM2nc6388Fq5jcXyr5mRsqViLx/GJYdoL0bfXD8nmF+Zn/Iow==

"@tsconfig/node16@^1.0.2":
  version "1.0.4"
  resolved "https://registry.yarnpkg.com/@tsconfig/node16/-/node16-1.0.4.tgz#0b92dcc0cc1c81f6f306a381f28e31b1a56536e9"
  integrity sha512-vxhUy4J8lyeyinH7Azl1pdd43GJhZH/tP2weN8TntQblOY+A0XbT8DJk1/oCPuOOyg/Ja757rG0CgHcWC8OfMA==

"@types/adm-zip@^0.5.8":
  version "0.5.8"
  resolved "https://registry.yarnpkg.com/@types/adm-zip/-/adm-zip-0.5.8.tgz#d4ee920d9fbef78061d039fa7c4776de7a0bb1af"
  integrity sha512-RVVH7QvZYbN+ihqZ4kX/dMiowf6o+Jk1fNwiSdx0NahBJLU787zkULhGhJM8mf/obmLGmgdMM0bXsQTmyfbR7Q==
  dependencies:
    "@types/node" "*"

"@types/chai@^4.3.20":
  version "4.3.20"
  resolved "https://registry.yarnpkg.com/@types/chai/-/chai-4.3.20.tgz#cb291577ed342ca92600430841a00329ba05cecc"
  integrity sha512-/pC9HAB5I/xMlc5FP77qjCnI16ChlJfW0tGa0IUcFn38VJrTV6DeZ60NU5KZBtaOZqjdpwTWohz5HU1RrhiYxQ==

"@types/emscripten@1.41.6":
  version "1.41.6"
  resolved "https://registry.yarnpkg.com/@types/emscripten/-/emscripten-1.41.6.tgz#0d852a4c29fc2c035ed9232f00135717f1a920f1"
  integrity sha512-uN+9i8bFT5CUcZfyIEYDrSueACEyKGbUs5kC/72DGlZZoinh84sJfVV0i8UOJD1asdzkvLPBRrKs41kZ8MdEXg==

"@types/mocha@^10.0.10":
  version "10.0.10"
  resolved "https://registry.yarnpkg.com/@types/mocha/-/mocha-10.0.10.tgz#91f62905e8d23cbd66225312f239454a23bebfa0"
  integrity sha512-xPyYSz1cMPnJQhl0CLMH68j3gprKZaTjG3s5Vi+fDgx+uhG9NOXwbVt52eFS8ECyXhyKcjDLCBEqBExKuiZb7Q==

"@types/node@*":
  version "26.6.2"
  resolved "https://registry.yarnpkg.com/@types/node/-/node-26.6.2.tgz#11bfb8e00bafe728d2113e474a7637becc9ab279"
  integrity sha512-X1P21scMv4zGKLYqjdGjaKa7COa0RKVYYZZN/NfvLQ1JegxFhdhpZG/Lyn8AXx6CDUavKAd11v6BvfpkDByK8g==
  dependencies:
    undici-types "~8.9.0"

"@types/node@^24.13.6":
  version "24.13.6"
  resolved "https://registry.yarnpkg.com/@types/node/-/node-24.13.6.tgz#30ba2d8aae3c321fd170fe52a915231a67a4875c"
  integrity sha512-SGrw/h3KPFshy3OE6ZL53LMBG5vGQQ8/gIpiqz/kRZhPJ7HgwCEs8LBuNtWLa8dvGZVpSF7+Bf+c11HUrCb/yg==
  dependencies:
    undici-types "~7.18.0"

"@types/sax@^1.2.7":
  version "1.2.7"
  resolved "https://registry.yarnpkg.com/@types/sax/-/sax-1.2.7.tgz#ba5fe7df9aa9c89b6dff7688a19023dd2963091d"
  integrity sha512-rO73L89PJxeYM3s3pPPjiPgVVcymqU490g0YO5n5By0k2Erzj6tay/4lr1CHAAU4JyOWd1rpQ8bCf6cZfHU96A==
  dependencies:
    "@types/node" "*"

acorn-walk@^8.1.1:
  version "8.3.5"
  resolved "https://registry.yarnpkg.com/acorn-walk/-/acorn-walk-8.3.5.tgz#8a6b8ca8fc5b34685af15dabb44118663c296496"
  integrity sha512-HEHNfbars9v4pgpW6SO1KSPkfoS0xVOM/9UzkJltjlsHZmJasxg8aXkuZa7SMf8vKGIBhpUsPluQSqhJFCqebw==
  dependencies:
    acorn "^8.11.0"

acorn@^8.11.0, acorn@^8.4.1:
  version "8.18.0"
  resolved "https://registry.yarnpkg.com/acorn/-/acorn-8.18.0.tgz#4faf01b2d6d326bfeed97aea1f52220b5f4c1940"
  integrity sha512-lGq+9yr1/GuAWaVYIHRjvvySG5/4VfKIvC8EWxStPdcDh/Ka7FG3twP6v4d5BkravUilhIAsG4Qj83t02LWUPQ==

adm-zip@^0.6.1:
  version "0.6.1"
  resolved "https://registry.yarnpkg.com/adm-zip/-/adm-zip-0.6.1.tgz#5b95da4a6e7af0663b71457c06e1517fa6ac8d5f"
  integrity sha512-Xwrja8nx9e5o2N1my4DsKCeKpdrnACyr1wtbPxBDgGzKzKyE9kRtBFA8mWldI+RVlD7CBZNWY/wQ2+ydwOR6kQ==

arg@^4.1.0:
  version "4.1.3"
  resolved "https://registry.yarnpkg.com/arg/-/arg-4.1.3.tgz#269fc7ad5b8e42cb63c896d5666017261c144089"
  integrity sha512-58S9QDqG0Xx27YwPSt9fJxivjYl432YCwfDMfZ+71RAqUrZef7LrKQZ3LHLOwCS4FLNBplP533Zx895SeOCHvA==

argparse@^2.0.1:
  version "2.0.1"
  resolved "https://registry.yarnpkg.com/argparse/-/argparse-2.0.1.tgz#246f50f3ca78a3240f6c997e8a9bd1eac49e4b38"
  integrity sha512-8+9WqebbFzpX9OR+Wa6O29asIogeRMzcGtAINdpMHHyAg10f05aSFVBbcEqGf/PXw1EjAZ+q2/bEBg3DvurK3Q==

assertion-error@^1.1.0:
  version "1.1.0"
  resolved "https://registry.yarnpkg.com/assertion-error/-/assertion-error-1.1.0.tgz#e60b6b0e8f301bd97e5375215bda406c85118c0b"
  integrity sha512-jgsaNduz+ndvGyFt3uSuWqvy4lCnIJiovtouQN5JZHOKCS2QuhEdbcQHFhVksz2N2U9hXJo8odG7ETyWlEeuDw==

balanced-match@^4.0.2:
  version "4.0.4"
  resolved "https://registry.yarnpkg.com/balanced-match/-/balanced-match-4.0.4.tgz#bfb10662feed8196a2c62e7c68e17720c274179a"
  integrity sha512-BLrgEcRTwX2o6gGxGOCNyMvGSp35YofuYzw9h1IMTRmKqttAZZVU67bdb9Pr2vUHA8+j3i2tJfjO6C6+4myGTA==

brace-expansion@^5.0.8:
  version "5.0.12"
  resolved "https://registry.yarnpkg.com/brace-expansion/-/brace-expansion-5.0.12.tgz#995fbb4750a77c4d16a7dc942ff2ca6ef8e675ec"
  integrity sha512-YovQ3rzhaLMIrDjNDMkNS01tea93qhEhG5xy8f6+R0l+dw3Ki+5sCoIoI942iuLZTHWogWktgwVDhU09iNEimQ==
  dependencies:
    balanced-match "^4.0.2"

browser-stdout@^1.3.1:
  version "1.3.1"
  resolved "https://registry.yarnpkg.com/browser-stdout/-/browser-stdout-1.3.1.tgz#baa559ee14ced73452229bad7326467c61fabd60"
  integrity sha512-qhAVI1+Av2X7qelOfAIYwXONood6XlZE/fXaBSmW/T5SzLAmCgzi+eiWE7fUvbHaeNBQH13UftjpXxsfLkMpgw==

chai@^4.5.0:
  version "4.5.0"
  resolved "https://registry.yarnpkg.com/chai/-/chai-4.5.0.tgz#707e49923afdd9b13a8b0b47d33d732d13812fd8"
  integrity sha512-RITGBfijLkBddZvnn8jdqoTypxvqbOLYQkGGxXzeFjVHvudaPw0HNFD9x928/eUwYWd2dPCugVqspGALTZZQKw==
  dependencies:
    assertion-error "^1.1.0"
    check-error "^1.0.3"
    deep-eql "^4.1.3"
    get-func-name "^2.0.2"
    loupe "^2.3.6"
    pathval "^1.1.1"
    type-detect "^4.1.0"

check-error@^1.0.3:
  version "1.0.3"
  resolved "https://registry.yarnpkg.com/check-error/-/check-error-1.0.3.tgz#a6502e4312a7ee969f646e83bb3ddd56281bd694"
  integrity sha512-iKEoDYaRmd1mxM90a2OEfWhjsjPpYPuQ+lMYsoxB126+t8fw7ySEO48nmDg5COTjxDI65/Y2OWpeEHk3ZOe8zg==
  dependencies:
    get-func-name "^2.0.2"

chokidar@^5.0.0:
  version "5.0.0"
  resolved "https://registry.yarnpkg.com/chokidar/-/chokidar-5.0.0.tgz#949c126a9238a80792be9a0265934f098af369a5"
  integrity sha512-TQMmc3w+5AxjpL8iIiwebF73dRDF4fBIieAqGn9RGCWaEVwQ6Fb2cGe31Yns0RRIzii5goJ1Y7xbMwo1TxMplw==
  dependencies:
    readdirp "^5.0.0"

create-require@^1.1.0:
  version "1.1.1"
  resolved "https://registry.yarnpkg.com/create-require/-/create-require-1.1.1.tgz#c1d7e8f1e5f6cfc9ff65f9cd352d37348756c333"
  integrity sha512-dcKFX3jn0MpIaXjisoRvexIJVEKzaq7z2rZKxf+MSr9TkdmHmsU4m2lcLojrj/FHl8mk5VxMmYA+ftRkP/3oKQ==

debug@^4.3.5:
  version "4.4.3"
  resolved "https://registry.yarnpkg.com/debug/-/debug-4.4.3.tgz#c6ae432d9bd9662582fce08709b038c58e9e3d6a"
  integrity sha512-RGwwWnwQvkVfavKVt22FGLw+xYSdzARwm0ru6DhTVA3umU5hZc28V3kO4stgYryrTlLpuvgI9GiijltAjNbcqA==
  dependencies:
    ms "^2.1.3"

deep-eql@^4.1.3:
  version "4.1.4"
  resolved "https://registry.yarnpkg.com/deep-eql/-/deep-eql-4.1.4.tgz#d0d3912865911bb8fac5afb4e3acfa6a28dc72b7"
  integrity sha512-SUwdGfqdKOwxCPeVYjwSyRpJ7Z+fhpwIAtmCUdZIWZ/YP5R9WAsyuSgpLVDi9bjWoN2LXHNss/dk3urXtdQxGg==
  dependencies:
    type-detect "^4.0.0"

diff@^4.0.1:
  version "4.0.4"
  resolved "https://registry.yarnpkg.com/diff/-/diff-4.0.4.tgz#7a6dbfda325f25f07517e9b518f897c08332e07d"
  integrity sha512-X07nttJQkwkfKfvTPG/KSnE2OMdcUCao6+eXF3wmnIQRn2aPAHH3VxDbDOdegkd6JbPsXqShpvEOHfAT+nCNwQ==

diff@^9.0.0:
  version "9.0.0"
  resolved "https://registry.yarnpkg.com/diff/-/diff-9.0.0.tgz#297c31cd7c280f13dfe335791ec2063bd4a73a6f"
  integrity sha512-svtcdpS8CgJyqAjEQIXdb3OjhFVVYjzGAPO8WGCmRbrml64SPw/jJD4GoE98aR7r25A0XcgrK3F02yw9R/vhQw==

find-up-simple@^1.0.1:
  version "1.0.1"
  resolved "https://registry.yarnpkg.com/find-up-simple/-/find-up-simple-1.0.1.tgz#18fb90ad49e45252c4d7fca56baade04fa3fca1e"
  integrity sha512-afd4O7zpqHeRyg4PfDQsXmlDe2PfdHtJt6Akt8jOWaApLOZk5JXs6VMR29lz03pRe9mpykrRCYIYxaJYcfpncQ==

get-func-name@^2.0.1, get-func-name@^2.0.2:
  version "2.0.2"
  resolved "https://registry.yarnpkg.com/get-func-name/-/get-func-name-2.0.2.tgz#0d7cf20cd13fda808669ffa88f4ffc7a3943fc41"
  integrity sha512-8vXOvuE167CtIc3OyItco7N/dpRtBbYOsPsXCz7X/PMnlGjYjSGuZJgM1Y7mmew7BKf9BqvLX2tnOVy1BBUsxQ==

glob@^13.0.0, glob@^13.0.6:
  version "13.0.6"
  resolved "https://registry.yarnpkg.com/glob/-/glob-13.0.6.tgz#078666566a425147ccacfbd2e332deb66a2be71d"
  integrity sha512-Wjlyrolmm8uDpm/ogGyXZXb1Z+Ca2B8NbJwqBVg0axK9GbBeoS7yGV6vjXnYdGm6X53iehEuxxbyiKp8QmN4Vw==
  dependencies:
    minimatch "^10.2.2"
    minipass "^7.1.3"
    path-scurry "^2.0.2"

has-flag@^4.0.0:
  version "4.0.0"
  resolved "https://registry.yarnpkg.com/has-flag/-/has-flag-4.0.0.tgz#944771fd9c81c81265c4d6941860da06bb59479b"
  integrity sha512-EykJT/Q1KjTWctppgIAgfSO0tKVuZUjhgMr17kqTumMl6Afv3EISleU7qZUzoXDFTAHTDC4NOoG/ZxU3EvlMPQ==

is-path-inside@^4.0.0:
  version "4.0.0"
  resolved "https://registry.yarnpkg.com/is-path-inside/-/is-path-inside-4.0.0.tgz#805aeb62c47c1b12fc3fd13bfb3ed1e7430071db"
  integrity sha512-lJJV/5dYS+RcL8uQdBDW9c9uWFLLBNRyFhnAKXw5tVqLlKZ4RMGZKv+YQ/IA3OhD+RpbJa1LLFM1FQPGyIXvOA==

is-unicode-supported@^0.1.0:
  version "0.1.0"
  resolved "https://registry.yarnpkg.com/is-unicode-supported/-/is-unicode-supported-0.1.0.tgz#3f26c76a809593b52bfa2ecb5710ed2779b522a7"
  integrity sha512-knxG2q4UC3u8stRGyAVJCOdxFmv5DZiRcdlIaAQXAbSfJya+OhopNotLQrstBhququ4ZpuKbDc/8S6mgXgPFPw==

js-yaml@^5.0.0:
  version "5.4.2"
  resolved "https://registry.yarnpkg.com/js-yaml/-/js-yaml-5.4.2.tgz#eebc7a57e0bbe1d6b6d9416a72e7463082c7da85"
  integrity sha512-m+aqu+LwO1O6sIopafj8HUVl5aawITwZQe/yHpMCKjaWBaA/d07B/QdMb3529REftiU+RMMHL3Vlsw3hON7vWg==
  dependencies:
    argparse "^2.0.1"

loupe@^2.3.6:
  version "2.3.7"
  resolved "https://registry.yarnpkg.com/loupe/-/loupe-2.3.7.tgz#6e69b7d4db7d3ab436328013d37d1c8c3540c697"
  integrity sha512-zSMINGVYkdpYSOBmLi0D1Uo7JU9nVdQKrHxC8eYlV+9YKK9WePqAlL7lSlorG/U2Fw1w0hTBmaa/jrQ3UbPHtA==
  dependencies:
    get-func-name "^2.0.1"

lru-cache@^11.0.0:
  version "11.5.3"
  resolved "https://registry.yarnpkg.com/lru-cache/-/lru-cache-11.5.3.tgz#a7767b4034e35269562d2b9da2b185b5df70c421"
  integrity sha512-U4N8FgzmWxc8k1VH8Kr6lQg18U7Fjvby6wXHVRX/ZZ7IwWbRMgrRbP0Wrb5q5NVinryp4SQampHKdvtecItxUg==

make-error@^1.1.1:
  version "1.3.6"
  resolved "https://registry.yarnpkg.com/make-error/-/make-error-1.3.6.tgz#2eb2e37ea9b67c4891f684a1394799af484cf7a2"
  integrity sha512-s8UhlNe7vPKomQhC1qFelMokr/Sc3AgNbso3n74mVPA5LTZwkB9NlXf4XPamLxJE8h0gh73rM94xvwRT2CVInw==

minimatch@^10.2.2:
  version "10.2.6"
  resolved "https://registry.yarnpkg.com/minimatch/-/minimatch-10.2.6.tgz#fd956bbe0b77241e9f15ac5dccb1c638060968ef"
  integrity sha512-vpLQEs+VLCr1nU0BXS07maYoFwlDAH0gngQuuttxIwutDFEMHq2blX+8vpgxDdK3J1PwjCJiep77OitTZ4Ll1A==
  dependencies:
    brace-expansion "^5.0.8"

minipass@^7.1.2, minipass@^7.1.3:
  version "7.1.3"
  resolved "https://registry.yarnpkg.com/minipass/-/minipass-7.1.3.tgz#79389b4eb1bb2d003a9bba87d492f2bd37bdc65b"
  integrity sha512-tEBHqDnIoM/1rXME1zgka9g6Q2lcoCkxHLuc7ODJ5BxbP5d4c2Z5cGgtXAku59200Cx7diuHTOYfSBD8n6mm8A==

mocha@^12.0.2:
  version "12.0.2"
  resolved "https://registry.yarnpkg.com/mocha/-/mocha-12.0.2.tgz#99d1e8ecee59364572be0a288db76aa49d4b212d"
  integrity sha512-SjAulGHxlMJLCD1bhvJBAiYwYxglydRzA9PDQ5MALq1oLRMMtIhxSQJ0olCFgA7c9YbTdxC0KOV0wl8JEDYVhA==
  dependencies:
    browser-stdout "^1.3.1"
    chokidar "^5.0.0"
    debug "^4.3.5"
    diff "^9.0.0"
    find-up-simple "^1.0.1"
    glob "^13.0.0"
    is-path-inside "^4.0.0"
    is-unicode-supported "^0.1.0"
    js-yaml "^5.0.0"
    minimatch "^10.2.2"
    ms "^2.1.3"
    picocolors "^1.1.1"
    serialize-javascript "^7.1.1"
    strip-json-comments "^5.0.3"
    supports-color "^8.1.1"
    workerpool "^10.0.0"

ms@^2.1.3:
  version "2.1.3"
  resolved "https://registry.yarnpkg.com/ms/-/ms-2.1.3.tgz#574c8138ce1d2b5861f0b44579dbadd60c6615b2"
  integrity sha512-6FlzubTLZG3J2a/NVCAleEhjzq5oxgHyaCU9yYXvcLsvoVaHJq/s5xXI6/XXP6tz7R9xAOtHnSO/tXtF3WRTlA==

path-scurry@^2.0.2:
  version "2.0.2"
  resolved "https://registry.yarnpkg.com/path-scurry/-/path-scurry-2.0.2.tgz#6be0d0ee02a10d9e0de7a98bae65e182c9061f85"
  integrity sha512-3O/iVVsJAPsOnpwWIeD+d6z/7PmqApyQePUtCndjatj/9I5LylHvt5qluFaBT3I5h3r1ejfR056c+FCv+NnNXg==
  dependencies:
    lru-cache "^11.0.0"
    minipass "^7.1.2"

pathval@^1.1.1:
  version "1.1.1"
  resolved "https://registry.yarnpkg.com/pathval/-/pathval-1.1.1.tgz#8534e77a77ce7ac5a2512ea21e0fdb8fcf6c3d8d"
  integrity sha512-Dp6zGqpTdETdR63lehJYPeIOqpiNBNtc7BpWSLrOje7UaIsE5aY92r/AunQA7rsXvet3lrJ3JnZX29UPTKXyKQ==

picocolors@^1.1.1:
  version "1.1.1"
  resolved "https://registry.yarnpkg.com/picocolors/-/picocolors-1.1.1.tgz#3d321af3eab939b083c8f929a1d12cda81c26b6b"
  integrity sha512-xceH2snhtb5M9liqDsmEw56le376mTZkEX/jEb/RxNFyegNul7eNslCXP9FDj/Lcu0X8KEyMceP2ntpaHrDEVA==

readdirp@^5.0.0:
  version "5.1.1"
  resolved "https://registry.yarnpkg.com/readdirp/-/readdirp-5.1.1.tgz#520bca06f9d1ae1b96cc0800dbe84b983d19422c"
  integrity sha512-Kko+Y5XQ6fM+Ce3dq3m9YGxnacYZYl9cA1wZjaF3Vbry2L3i1qVg8+CAgNPsXRArPMUMCaOR7oa9Nqntc43JKA==

sax@^1.6.1:
  version "1.6.1"
  resolved "https://registry.yarnpkg.com/sax/-/sax-1.6.1.tgz#4c23cf608c0b693ab54b4b5888e92cfe977b9843"
  integrity sha512-42tBVwLWnaQvW5zc4HbZrTuWccECCZfBi92FDuwtqxasH+JbPB3/FOKb1m222K42R4WxuxzzMsTswfzgtSu64Q==

serialize-javascript@^7.1.1:
  version "7.1.1"
  resolved "https://registry.yarnpkg.com/serialize-javascript/-/serialize-javascript-7.1.1.tgz#c3b0a7ac13df6cf2fcda71cbb142ba9392a710b9"
  integrity sha512-k3CMsaIvvdSwm8oLB4MXSl0wH2/cwlH7xGcnRd2DaeRmBkbzYmyT8j0tsX60DwD1eRwHTpNpH8ljKu9oUT1MeQ==

strip-json-comments@^5.0.3:
  version "5.0.3"
  resolved "https://registry.yarnpkg.com/strip-json-comments/-/strip-json-comments-5.0.3.tgz#b7304249dd402ee67fd518ada993ab3593458bcf"
  integrity sha512-1tB5mhVo7U+ETBKNf92xT4hrQa3pm0MZ0PQvuDnWgAAGHDsfp4lPSpiS6psrSiet87wyGPh9ft6wmhOMQ0hDiw==

supports-color@^8.1.1:
  version "8.1.1"
  resolved "https://registry.yarnpkg.com/supports-color/-/supports-color-8.1.1.tgz#cd6fc17e28500cff56c1b86c0a7fd4a54a73005c"
  integrity sha512-MpUEN2OodtUzxvKQl72cUF7RQ5EiHsGvSsVG0ia9c5RbWGL2CI4C7EpPS8UTBIplnlzZiNuV56w+FuNxy3ty2Q==
  dependencies:
    has-flag "^4.0.0"

ts-node@^10.9.2:
  version "10.9.2"
  resolved "https://registry.yarnpkg.com/ts-node/-/ts-node-10.9.2.tgz#70f021c9e185bccdca820e26dc413805c101c71f"
  integrity sha512-f0FFpIdcHgn8zcPSbf1dRevwt047YMnaiJM3u2w2RewrB+fob/zePZcrOyQoLMMO7aBIddLcQIEK5dYjkLnGrQ==
  dependencies:
    "@cspotcode/source-map-support" "^0.8.0"
    "@tsconfig/node10" "^1.0.7"
    "@tsconfig/node12" "^1.0.7"
    "@tsconfig/node14" "^1.0.0"
    "@tsconfig/node16" "^1.0.2"
    acorn "^8.4.1"
    acorn-walk "^8.1.1"
    arg "^4.1.0"
    create-require "^1.1.0"
    diff "^4.0.1"
    make-error "^1.1.1"
    v8-compile-cache-lib "^3.0.1"
    yn "3.1.1"

type-detect@^4.0.0, type-detect@^4.1.0:
  version "4.1.0"
  resolved "https://registry.yarnpkg.com/type-detect/-/type-detect-4.1.0.tgz#deb2453e8f08dcae7ae98c626b13dddb0155906c"
  integrity sha512-Acylog8/luQ8L7il+geoSxhEkazvkslg7PSNKOX59mbB9cOveP5aq9h74Y7YU8yDpJwetzQQrfIwtf4Wp4LKcw==

undici-types@~7.18.0:
  version "7.18.2"
  resolved "https://registry.yarnpkg.com/undici-types/-/undici-types-7.18.2.tgz#29357a89e7b7ca4aef3bf0fd3fd0cd73884229e9"
  integrity sha512-AsuCzffGHJybSaRrmr5eHr81mwJU3kjw6M+uprWvCXiNeN9SOGwQ3Jn8jb8m3Z6izVgknn1R0FTCEAP2QrLY/w==

undici-types@~8.9.0:
  version "8.9.0"
  resolved "https://registry.yarnpkg.com/undici-types/-/undici-types-8.9.0.tgz#e240d97c8b5d85e5347ce73d25865c7906c1ec9f"
  integrity sha512-KTDyRTYX8sWmKXAikPHHSyc63CRPETMctyjKFupcC6OBLXT3xsN0e9aF7m+mIXutFWpUXuedtowG7iLOzp0kQg==

v8-compile-cache-lib@^3.0.1:
  version "3.0.1"
  resolved "https://registry.yarnpkg.com/v8-compile-cache-lib/-/v8-compile-cache-lib-3.0.1.tgz#6336e8d71965cb3d35a1bbb7868445a7c05264bf"
  integrity sha512-wa7YjyUGfNZngI/vtK0UHAN+lgDCxBPCylVXGp0zu59Fz5aiGtNXaq3DhIov063MorB+VfufLh3JlF2KdTK3xg==

vscode-jsonrpc@9.0.2:
  version "9.0.2"
  resolved "https://registry.yarnpkg.com/vscode-jsonrpc/-/vscode-jsonrpc-9.0.2.tgz#086b76c4f94f1b0743deeac4e0b57c9c4a55e81d"
  integrity sha512-SbQSV9yRemARxeXw6LU5sS6Zq0e9/DgCCX5yelH263ZQWukbTk8EF8fjTrr1dziasf4GwlJbvTwFnTrnQFWZXQ==

vscode-languageserver-protocol@3.18.3:
  version "3.18.3"
  resolved "https://registry.yarnpkg.com/vscode-languageserver-protocol/-/vscode-languageserver-protocol-3.18.3.tgz#6393a08060fb94f5529243fa3be056c676398211"
  integrity sha512-DF49+WeV5py4zO5hhobp60jjsDSK0lAqA0OuKBLBvp423HPWQcCbhZz3JgyfIewsEz2f8U+X75xNIFHdiXZm2w==
  dependencies:
    vscode-jsonrpc "9.0.2"
    vscode-languageserver-types "3.18.3"

vscode-languageserver-textdocument@^1.0.14:
  version "1.0.14"
  resolved "https://registry.yarnpkg.com/vscode-languageserver-textdocument/-/vscode-languageserver-textdocument-1.0.14.tgz#7731b808ba1a907e3560d5e4317bcd14baf819ce"
  integrity sha512-EQyqJMi552E4ZTf46izQ4Fj6XquqxCySR3J5ZSD1SisMf6RfpeOWHxGBE8Gr6V0/3GHIGdAzDn8F8+1nTGCnoQ==

vscode-languageserver-types@3.18.3:
  version "3.18.3"
  resolved "https://registry.yarnpkg.com/vscode-languageserver-types/-/vscode-languageserver-types-3.18.3.tgz#eb296c42fd659375a82951b9cc33e7672ba9efe7"
  integrity sha512-XIlzJ7Qp/jzSI1ds7/FwPAWrPeTZA7pAtlW4hdJ1J6xXWJL6dR9QYnDhJOdLzdKhUQ5Mm6mvUMw+3DcOQQasPw==

vscode-languageserver@^10.1.1:
  version "10.1.1"
  resolved "https://registry.yarnpkg.com/vscode-languageserver/-/vscode-languageserver-10.1.1.tgz#300898e9a88198fb074e8290a2e6a471e94fd484"
  integrity sha512-/cG04Fiq99rEtoDrfPpv0k6NyUFlck5GNtZLQZv1rxkBkc/4FrJNvEKTN5k1Si3O1hRguP++ciYlX9cdjdYxFQ==
  dependencies:
    vscode-languageserver-protocol "3.18.3"

web-tree-sitter@0.27.0:
  version "0.27.0"
  resolved "https://registry.yarnpkg.com/web-tree-sitter/-/web-tree-sitter-0.27.0.tgz#72ed2c61bfbbec2489f3af6113ece9ecd47252fa"
  integrity sha512-XK08gj6RwTMQatAG7uVRP8MunqotL/XC19vHgkSPKmELgbGPBj4ECvB8haHOUnyj6ls2B8t42UTro14zxGgAHg==

workerpool@^10.0.0:
  version "10.0.3"
  resolved "https://registry.yarnpkg.com/workerpool/-/workerpool-10.0.3.tgz#e9914112d0169a974fc1b4c2fda00388bbd70b61"
  integrity sha512-6z2Iis68Wqth93/G/wJP9u+R3O+d2XTlgWChGCwuT1qLbBsOYueGRZuJ++v3mtDP5KjYdy+WzvWC+VWETSVXJA==

yn@3.1.1:
  version "3.1.1"
  resolved "https://registry.yarnpkg.com/yn/-/yn-3.1.1.tgz#1e87401a09d767c1d5eab26a6e4c185182d2eb50"
  integrity sha512-Ux4ygGWsu2c7isFWe8Yu1YluJmqVhxqK2cLXNQA5AcC3QfbGNpM7fu0Y8b/z16pXLnFxZYvWhd3fhBY9DLmC6Q==
